
Microsoft Visual Studio Solution File, Format Version 12.00
# Visual Studio 2012
Project("{FAE04EC0-301F-11D3-BF4B-00C04F79EFBC}") = "XamarinFormsWithShinobiCharts", "XamarinFormsWithShinobiCharts\XamarinFormsWithShinobiCharts.csproj", "{1F6F9715-E6FF-43B6-B99C-A4687F351FDC}"
EndProject
Project("{FAE04EC0-301F-11D3-BF4B-00C04F79EFBC}") = "XamarinFormsWithShinobiCharts.iOS", "iOS\XamarinFormsWithShinobiCharts.iOS.csproj", "{DFA9E1D4-C8C6-4C40-8804-7D1F9E314809}"
EndProject
Global
	GlobalSection(SolutionConfigurationPlatforms) = preSolution
		Debug|Any CPU = Debug|Any CPU
		Release|Any CPU = Release|Any CPU
		Debug|iPhoneSimulator = Debug|iPhoneSimulator
		Release|iPhoneSimulator = Release|iPhoneSimulator
		Debug|iPhone = Debug|iPhone
		Release|iPhone = Release|iPhone
		Ad-Hoc|iPhone = Ad-Hoc|iPhone
		AppStore|iPhone = AppStore|iPhone
	EndGlobalSection
	GlobalSection(ProjectConfigurationPlatforms) = postSolution
		{1F6F9715-E6FF-43B6-B99C-A4687F351FDC}.Ad-Hoc|iPhone.ActiveCfg = Debug|Any CPU
		{1F6F9715-E6FF-43B6-B99C-A4687F351FDC}.Ad-Hoc|iPhone.Build.0 = Debug|Any CPU
		{1F6F9715-E6FF-43B6-B99C-A4687F351FDC}.AppStore|iPhone.ActiveCfg = Debug|Any CPU
		{1F6F9715-E6FF-43B6-B99C-A4687F351FDC}.AppStore|iPhone.Build.0 = Debug|Any CPU
		{1F6F9715-E6FF-43B6-B99C-A4687F351FDC}.Debug|Any CPU.ActiveCfg = Debug|Any CPU
		{1F6F9715-E6FF-43B6-B99C-A4687F351FDC}.Debug|Any CPU.Build.0 = Debug|Any CPU
		{1F6F9715-E6FF-43B6-B99C-A4687F351FDC}.Debug|iPhone.ActiveCfg = Debug|Any CPU
		{1F6F9715-E6FF-43B6-B99C-A4687F351FDC}.Debug|iPhone.Build.0 = Debug|Any CPU
		{1F6F9715-E6FF-43B6-B99C-A4687F351FDC}.Debug|iPhoneSimulator.ActiveCfg = Debug|Any CPU
		{1F6F9715-E6FF-43B6-B99C-A4687F351FDC}.Debug|iPhoneSimulator.Build.0 = Debug|Any CPU
		{1F6F9715-E6FF-43B6-B99C-A4687F351FDC}.Release|Any CPU.ActiveCfg = Release|Any CPU
		{1F6F9715-E6FF-43B6-B99C-A4687F351FDC}.Release|Any CPU.Build.0 = Release|Any CPU
		{1F6F9715-E6FF-43B6-B99C-A4687F351FDC}.Release|iPhone.ActiveCfg = Release|Any CPU
		{1F6F9715-E6FF-43B6-B99C-A4687F351FDC}.Release|iPhone.Build.0 = Release|Any CPU
		{1F6F9715-E6FF-43B6-B99C-A4687F351FDC}.Release|iPhoneSimulator.ActiveCfg = Release|Any CPU
		{1F6F9715-E6FF-43B6-B99C-A4687F351FDC}.Release|iPhoneSimulator.Build.0 = Release|Any CPU
		{DFA9E1D4-C8C6-4C40-8804-7D1F9E314809}.Ad-Hoc|iPhone.ActiveCfg = Ad-Hoc|iPhone
		{DFA9E1D4-C8C6-4C40-8804-7D1F9E314809}.Ad-Hoc|iPhone.Build.0 = Ad-Hoc|iPhone
		{DFA9E1D4-C8C6-4C40-8804-7D1F9E314809}.AppStore|iPhone.ActiveCfg = AppStore|iPhone
		{DFA9E1D4-C8C6-4C40-8804-7D1F9E314809}.AppStore|iPhone.Build.0 = AppStore|iPhone
		{DFA9E1D4-C8C6-4C40-8804-7D1F9E314809}.Debug|Any CPU.ActiveCfg = Debug|iPhoneSimulator
		{DFA9E1D4-C8C6-4C40-8804-7D1F9E314809}.Debug|Any CPU.Build.0 = Debug|iPhoneSimulator
		{DFA9E1D4-C8C6-4C40-8804-7D1F9E314809}.Debug|iPhone.ActiveCfg = Debug|iPhone
		{DFA9E1D4-C8C6-4C40-8804-7D1F9E314809}.Debug|iPhone.Build.0 = Debug|iPhone
		{DFA9E1D4-C8C6-4C40-8804-7D1F9E314809}.Debug|iPhoneSimulator.ActiveCfg = Debug|iPhoneSimulator
		{DFA9E1D4-C8C6-4C40-8804-7D1F9E314809}.Debug|iPhoneSimulator.Build.0 = Debug|iPhoneSimulator
		{DFA9E1D4-C8C6-4C40-8804-7D1F9E314809}.Release|Any CPU.ActiveCfg = Release|iPhoneSimulator
		{DFA9E1D4-C8C6-4C40-8804-7D1F9E314809}.Release|Any CPU.Build.0 = Release|iPhoneSimulator
		{DFA9E1D4-C8C6-4C40-8804-7D1F9E314809}.Release|iPhone.ActiveCfg = Release|iPhone
		{DFA9E1D4-C8C6-4C40-8804-7D1F9E314809}.Release|iPhone.Build.0 = Release|iPhone
		{DFA9E1D4-C8C6-4C40-8804-7D1F9E314809}.Release|iPhoneSimulator.ActiveCfg = Release|iPhoneSimulator
		{DFA9E1D4-C8C6-4C40-8804-7D1F9E314809}.Release|iPhoneSimulator.Build.0 = Release|iPhoneSimulator
	EndGlobalSection
	GlobalSection(MonoDevelopProperties) = preSolution
		StartupItem = iOS\XamarinFormsWithShinobiCharts.iOS.csproj
	EndGlobalSection
EndGlobal
